
Microsoft Visual Studio Solution File, Format Version 12.00
# Visual Studio 15
VisualStudioVersion = 15.0.27004.2006
MinimumVisualStudioVersion = 10.0.40219.1
Project("{9A19103F-16F7-4668-BE54-9A1E7A4F7556}") = "Gomo.CC.Model", "Gomo.CC.Model\Gomo.CC.Model.csproj", "{BA8DEB98-288B-4162-9C20-462F7A89DE23}"
EndProject
Project("{FAE04EC0-301F-11D3-BF4B-00C04F79EFBC}") = "WebApplication1", "WebApplication1\WebApplication1.csproj", "{FE42D52C-DDEA-425D-B56C-68110819180C}"
EndProject
Global
	GlobalSection(SolutionConfigurationPlatforms) = preSolution
		Debug|Any CPU = Debug|Any CPU
		Release|Any CPU = Release|Any CPU
	EndGlobalSection
	GlobalSection(ProjectConfigurationPlatforms) = postSolution
		{BA8DEB98-288B-4162-9C20-462F7A89DE23}.Debug|Any CPU.ActiveCfg = Debug|Any CPU
		{BA8DEB98-288B-4162-9C20-462F7A89DE23}.Debug|Any CPU.Build.0 = Debug|Any CPU
		{BA8DEB98-288B-4162-9C20-462F7A89DE23}.Release|Any CPU.ActiveCfg = Release|Any CPU
		{BA8DEB98-288B-4162-9C20-462F7A89DE23}.Release|Any CPU.Build.0 = Release|Any CPU
		{FE42D52C-DDEA-425D-B56C-68110819180C}.Debug|Any CPU.ActiveCfg = Debug|Any CPU
		{FE42D52C-DDEA-425D-B56C-68110819180C}.Debug|Any CPU.Build.0 = Debug|Any CPU
		{FE42D52C-DDEA-425D-B56C-68110819180C}.Release|Any CPU.ActiveCfg = Release|Any CPU
		{FE42D52C-DDEA-425D-B56C-68110819180C}.Release|Any CPU.Build.0 = Release|Any CPU
	EndGlobalSection
	GlobalSection(SolutionProperties) = preSolution
		HideSolutionNode = FALSE
	EndGlobalSection
	GlobalSection(ExtensibilityGlobals) = postSolution
		SolutionGuid = {B1D3CC5E-E3D3-4BDF-BA20-955D82ABE033}
	EndGlobalSection
EndGlobal
