
Microsoft Visual Studio Solution File, Format Version 12.00
# Visual Studio 15
VisualStudioVersion = 15.0.27130.0
MinimumVisualStudioVersion = 10.0.40219.1
Project("{FAE04EC0-301F-11D3-BF4B-00C04F79EFBC}") = "Gomo.CC.Model", "Gomo.CC.Model\Gomo.CC.Model.csproj", "{F2075581-2248-49BB-A873-C5DC54863D1B}"
EndProject
Global
	GlobalSection(SolutionConfigurationPlatforms) = preSolution
		Debug|Any CPU = Debug|Any CPU
		Release|Any CPU = Release|Any CPU
	EndGlobalSection
	GlobalSection(ProjectConfigurationPlatforms) = postSolution
		{F2075581-2248-49BB-A873-C5DC54863D1B}.Debug|Any CPU.ActiveCfg = Debug|Any CPU
		{F2075581-2248-49BB-A873-C5DC54863D1B}.Debug|Any CPU.Build.0 = Debug|Any CPU
		{F2075581-2248-49BB-A873-C5DC54863D1B}.Release|Any CPU.ActiveCfg = Release|Any CPU
		{F2075581-2248-49BB-A873-C5DC54863D1B}.Release|Any CPU.Build.0 = Release|Any CPU
	EndGlobalSection
	GlobalSection(SolutionProperties) = preSolution
		HideSolutionNode = FALSE
	EndGlobalSection
	GlobalSection(ExtensibilityGlobals) = postSolution
		SolutionGuid = {CBDEF2EF-92CA-4972-96FC-1F8AAFD71613}
	EndGlobalSection
EndGlobal
